// !$*UTF8*$!
{
	archiveVersion = 1;
	classes = {
	};
	objectVersion = 56;
	objects = {

/* Begin PBXBuildFile section */
		91842B9F2AFAD1600065ABE8 /* EachTaskView.swift in Sources */ = {isa = PBXBuildFile; fileRef = 91842B9E2AFAD1600065ABE8 /* EachTaskView.swift */; };
		91E9FC902AE8C6820049ADAD /* finalprojectApp.swift in Sources */ = {isa = PBXBuildFile; fileRef = 91E9FC8F2AE8C6820049ADAD /* finalprojectApp.swift */; };
		91E9FC922AE8C6820049ADAD /* HomeView.swift in Sources */ = {isa = PBXBuildFile; fileRef = 91E9FC912AE8C6820049ADAD /* HomeView.swift */; };
		91E9FC942AE8C6840049ADAD /* Assets.xcassets in Resources */ = {isa = PBXBuildFile; fileRef = 91E9FC932AE8C6840049ADAD /* Assets.xcassets */; };
		91E9FC972AE8C6840049ADAD /* Preview Assets.xcassets in Resources */ = {isa = PBXBuildFile; fileRef = 91E9FC962AE8C6840049ADAD /* Preview Assets.xcassets */; };
		91E9FCA12AE8C6840049ADAD /* finalprojectTests.swift in Sources */ = {isa = PBXBuildFile; fileRef = 91E9FCA02AE8C6840049ADAD /* finalprojectTests.swift */; };
		91E9FCAB2AE8C6840049ADAD /* finalprojectUITests.swift in Sources */ = {isa = PBXBuildFile; fileRef = 91E9FCAA2AE8C6840049ADAD /* finalprojectUITests.swift */; };
		91E9FCAD2AE8C6840049ADAD /* finalprojectUITestsLaunchTests.swift in Sources */ = {isa = PBXBuildFile; fileRef = 91E9FCAC2AE8C6840049ADAD /* finalprojectUITestsLaunchTests.swift */; };
		91E9FCBB2AEAE8380049ADAD /* TimerView.swift in Sources */ = {isa = PBXBuildFile; fileRef = 91E9FCBA2AEAE8380049ADAD /* TimerView.swift */; };
		91E9FCC42AEAF80B0049ADAD /* TaskView.swift in Sources */ = {isa = PBXBuildFile; fileRef = 91E9FCC32AEAF80B0049ADAD /* TaskView.swift */; };
		91E9FCC62AEAFB1F0049ADAD /* ProgressView.swift in Sources */ = {isa = PBXBuildFile; fileRef = 91E9FCC52AEAFB1F0049ADAD /* ProgressView.swift */; };
		91E9FCC82AEAFB7F0049ADAD /* SettingsView.swift in Sources */ = {isa = PBXBuildFile; fileRef = 91E9FCC72AEAFB7F0049ADAD /* SettingsView.swift */; };
		91E9FCCE2AF076F20049ADAD /* TaskModel.swift in Sources */ = {isa = PBXBuildFile; fileRef = 91E9FCCD2AF076F20049ADAD /* TaskModel.swift */; };
		91E9FCD22AF085900049ADAD /* TaskViewModel.swift in Sources */ = {isa = PBXBuildFile; fileRef = 91E9FCD12AF085900049ADAD /* TaskViewModel.swift */; };
		91E9FD202B0EFBDB00170FE3 /* MacSans-Regular.otf in Resources */ = {isa = PBXBuildFile; fileRef = 91E9FD1F2B0EFBDB00170FE3 /* MacSans-Regular.otf */; };
		91FA7C902AFE2C9800A27C55 /* CustomBackView.swift in Sources */ = {isa = PBXBuildFile; fileRef = 91FA7C8F2AFE2C9800A27C55 /* CustomBackView.swift */; };
		91FA7C922AFF2E3800A27C55 /* TimerModel.swift in Sources */ = {isa = PBXBuildFile; fileRef = 91FA7C912AFF2E3800A27C55 /* TimerModel.swift */; };
/* End PBXBuildFile section */

/* Begin PBXContainerItemProxy section */
		91E9FC9D2AE8C6840049ADAD /* PBXContainerItemProxy */ = {
			isa = PBXContainerItemProxy;
			containerPortal = 91E9FC842AE8C6820049ADAD /* Project object */;
			proxyType = 1;
			remoteGlobalIDString = 91E9FC8B2AE8C6820049ADAD;
			remoteInfo = finalproject;
		};
		91E9FCA72AE8C6840049ADAD /* PBXContainerItemProxy */ = {
			isa = PBXContainerItemProxy;
			containerPortal = 91E9FC842AE8C6820049ADAD /* Project object */;
			proxyType = 1;
			remoteGlobalIDString = 91E9FC8B2AE8C6820049ADAD;
			remoteInfo = finalproject;
		};
/* End PBXContainerItemProxy section */

/* Begin PBXFileReference section */
		91842B9E2AFAD1600065ABE8 /* EachTaskView.swift */ = {isa = PBXFileReference; lastKnownFileType = sourcecode.swift; path = EachTaskView.swift; sourceTree = "<group>"; };
		91E9FC8C2AE8C6820049ADAD /* finalproject.app */ = {isa = PBXFileReference; explicitFileType = wrapper.application; includeInIndex = 0; path = finalproject.app; sourceTree = BUILT_PRODUCTS_DIR; };
		91E9FC8F2AE8C6820049ADAD /* finalprojectApp.swift */ = {isa = PBXFileReference; lastKnownFileType = sourcecode.swift; path = finalprojectApp.swift; sourceTree = "<group>"; };
		91E9FC912AE8C6820049ADAD /* HomeView.swift */ = {isa = PBXFileReference; lastKnownFileType = sourcecode.swift; path = HomeView.swift; sourceTree = "<group>"; };
		91E9FC932AE8C6840049ADAD /* Assets.xcassets */ = {isa = PBXFileReference; lastKnownFileType = folder.assetcatalog; path = Assets.xcassets; sourceTree = "<group>"; };
		91E9FC962AE8C6840049ADAD /* Preview Assets.xcassets */ = {isa = PBXFileReference; lastKnownFileType = folder.assetcatalog; path = "Preview Assets.xcassets"; sourceTree = "<group>"; };
		91E9FC9C2AE8C6840049ADAD /* finalprojectTests.xctest */ = {isa = PBXFileReference; explicitFileType = wrapper.cfbundle; includeInIndex = 0; path = finalprojectTests.xctest; sourceTree = BUILT_PRODUCTS_DIR; };
		91E9FCA02AE8C6840049ADAD /* finalprojectTests.swift */ = {isa = PBXFileReference; lastKnownFileType = sourcecode.swift; path = finalprojectTests.swift; sourceTree = "<group>"; };
		91E9FCA62AE8C6840049ADAD /* finalprojectUITests.xctest */ = {isa = PBXFileReference; explicitFileType = wrapper.cfbundle; includeInIndex = 0; path = finalprojectUITests.xctest; sourceTree = BUILT_PRODUCTS_DIR; };
		91E9FCAA2AE8C6840049ADAD /* finalprojectUITests.swift */ = {isa = PBXFileReference; lastKnownFileType = sourcecode.swift; path = finalprojectUITests.swift; sourceTree = "<group>"; };
		91E9FCAC2AE8C6840049ADAD /* finalprojectUITestsLaunchTests.swift */ = {isa = PBXFileReference; lastKnownFileType = sourcecode.swift; path = finalprojectUITestsLaunchTests.swift; sourceTree = "<group>"; };
		91E9FCBA2AEAE8380049ADAD /* TimerView.swift */ = {isa = PBXFileReference; lastKnownFileType = sourcecode.swift; path = TimerView.swift; sourceTree = "<group>"; };
		91E9FCC32AEAF80B0049ADAD /* TaskView.swift */ = {isa = PBXFileReference; lastKnownFileType = sourcecode.swift; path = TaskView.swift; sourceTree = "<group>"; };
		91E9FCC52AEAFB1F0049ADAD /* ProgressView.swift */ = {isa = PBXFileReference; lastKnownFileType = sourcecode.swift; path = ProgressView.swift; sourceTree = "<group>"; };
		91E9FCC72AEAFB7F0049ADAD /* SettingsView.swift */ = {isa = PBXFileReference; lastKnownFileType = sourcecode.swift; path = SettingsView.swift; sourceTree = "<group>"; };
		91E9FCCD2AF076F20049ADAD /* TaskModel.swift */ = {isa = PBXFileReference; lastKnownFileType = sourcecode.swift; path = TaskModel.swift; sourceTree = "<group>"; };
		91E9FCD12AF085900049ADAD /* TaskViewModel.swift */ = {isa = PBXFileReference; lastKnownFileType = sourcecode.swift; path = TaskViewModel.swift; sourceTree = "<group>"; };
		91E9FD1F2B0EFBDB00170FE3 /* MacSans-Regular.otf */ = {isa = PBXFileReference; lastKnownFileType = file; name = "MacSans-Regular.otf"; path = "../../../../../Downloads/Mac Sans - Personal Use Only/Free for personal use - Mac Sans - Dyaharum Pungki Revitasari/MacSans-Regular.otf"; sourceTree = "<group>"; };
		91FA7C8F2AFE2C9800A27C55 /* CustomBackView.swift */ = {isa = PBXFileReference; lastKnownFileType = sourcecode.swift; path = CustomBackView.swift; sourceTree = "<group>"; };
		91FA7C912AFF2E3800A27C55 /* TimerModel.swift */ = {isa = PBXFileReference; lastKnownFileType = sourcecode.swift; path = TimerModel.swift; sourceTree = "<group>"; };
/* End PBXFileReference section */

/* Begin PBXFrameworksBuildPhase section */
		91E9FC892AE8C6820049ADAD /* Frameworks */ = {
			isa = PBXFrameworksBuildPhase;
			buildActionMask = 2147483647;
			files = (
			);
			runOnlyForDeploymentPostprocessing = 0;
		};
		91E9FC992AE8C6840049ADAD /* Frameworks */ = {
			isa = PBXFrameworksBuildPhase;
			buildActionMask = 2147483647;
			files = (
			);
			runOnlyForDeploymentPostprocessing = 0;
		};
		91E9FCA32AE8C6840049ADAD /* Frameworks */ = {
			isa = PBXFrameworksBuildPhase;
			buildActionMask = 2147483647;
			files = (
			);
			runOnlyForDeploymentPostprocessing = 0;
		};
/* End PBXFrameworksBuildPhase section */

/* Begin PBXGroup section */
		91126D6F2AF4068C003EF640 /* Services */ = {
			isa = PBXGroup;
			children = (
			);
			path = Services;
			sourceTree = "<group>";
		};
		91E9FC832AE8C6820049ADAD = {
			isa = PBXGroup;
			children = (
				91E9FC8E2AE8C6820049ADAD /* finalproject */,
				91E9FC9F2AE8C6840049ADAD /* finalprojectTests */,
				91E9FCA92AE8C6840049ADAD /* finalprojectUITests */,
				91E9FC8D2AE8C6820049ADAD /* Products */,
			);
			sourceTree = "<group>";
		};
		91E9FC8D2AE8C6820049ADAD /* Products */ = {
			isa = PBXGroup;
			children = (
				91E9FC8C2AE8C6820049ADAD /* finalproject.app */,
				91E9FC9C2AE8C6840049ADAD /* finalprojectTests.xctest */,
				91E9FCA62AE8C6840049ADAD /* finalprojectUITests.xctest */,
			);
			name = Products;
			sourceTree = "<group>";
		};
		91E9FC8E2AE8C6820049ADAD /* finalproject */ = {
			isa = PBXGroup;
			children = (
				91E9FD1E2B0EFB4000170FE3 /* ProjectFonts */,
				91126D6F2AF4068C003EF640 /* Services */,
				91E9FCD02AF0857F0049ADAD /* ViewModel */,
				91E9FCC92AF076AD0049ADAD /* Model */,
				91E9FCB92AE9BB880049ADAD /* Views */,
				91E9FC8F2AE8C6820049ADAD /* finalprojectApp.swift */,
				91E9FC932AE8C6840049ADAD /* Assets.xcassets */,
				91E9FC952AE8C6840049ADAD /* Preview Content */,
			);
			path = finalproject;
			sourceTree = "<group>";
		};
		91E9FC952AE8C6840049ADAD /* Preview Content */ = {
			isa = PBXGroup;
			children = (
				91E9FC962AE8C6840049ADAD /* Preview Assets.xcassets */,
			);
			path = "Preview Content";
			sourceTree = "<group>";
		};
		91E9FC9F2AE8C6840049ADAD /* finalprojectTests */ = {
			isa = PBXGroup;
			children = (
				91E9FCA02AE8C6840049ADAD /* finalprojectTests.swift */,
			);
			path = finalprojectTests;
			sourceTree = "<group>";
		};
		91E9FCA92AE8C6840049ADAD /* finalprojectUITests */ = {
			isa = PBXGroup;
			children = (
				91E9FCAA2AE8C6840049ADAD /* finalprojectUITests.swift */,
				91E9FCAC2AE8C6840049ADAD /* finalprojectUITestsLaunchTests.swift */,
			);
			path = finalprojectUITests;
			sourceTree = "<group>";
		};
		91E9FCB92AE9BB880049ADAD /* Views */ = {
			isa = PBXGroup;
			children = (
				91E9FC912AE8C6820049ADAD /* HomeView.swift */,
				91FA7C8F2AFE2C9800A27C55 /* CustomBackView.swift */,
				91E9FCBA2AEAE8380049ADAD /* TimerView.swift */,
				91E9FCC32AEAF80B0049ADAD /* TaskView.swift */,
				91842B9E2AFAD1600065ABE8 /* EachTaskView.swift */,
				91E9FCC52AEAFB1F0049ADAD /* ProgressView.swift */,
				91E9FCC72AEAFB7F0049ADAD /* SettingsView.swift */,
			);
			path = Views;
			sourceTree = "<group>";
		};
		91E9FCC92AF076AD0049ADAD /* Model */ = {
			isa = PBXGroup;
			children = (
				91E9FCCD2AF076F20049ADAD /* TaskModel.swift */,
				91FA7C912AFF2E3800A27C55 /* TimerModel.swift */,
			);
			path = Model;
			sourceTree = "<group>";
		};
		91E9FCD02AF0857F0049ADAD /* ViewModel */ = {
			isa = PBXGroup;
			children = (
				91E9FCD12AF085900049ADAD /* TaskViewModel.swift */,
			);
			path = ViewModel;
			sourceTree = "<group>";
		};
		91E9FD1E2B0EFB4000170FE3 /* ProjectFonts */ = {
			isa = PBXGroup;
			children = (
				91E9FD1F2B0EFBDB00170FE3 /* MacSans-Regular.otf */,
			);
			path = ProjectFonts;
			sourceTree = "<group>";
		};
/* End PBXGroup section */

/* Begin PBXNativeTarget section */
		91E9FC8B2AE8C6820049ADAD /* finalproject */ = {
			isa = PBXNativeTarget;
			buildConfigurationList = 91E9FCB02AE8C6840049ADAD /* Build configuration list for PBXNativeTarget "finalproject" */;
			buildPhases = (
				91E9FC882AE8C6820049ADAD /* Sources */,
				91E9FC892AE8C6820049ADAD /* Frameworks */,
				91E9FC8A2AE8C6820049ADAD /* Resources */,
			);
			buildRules = (
			);
			dependencies = (
			);
			name = finalproject;
			productName = finalproject;
			productReference = 91E9FC8C2AE8C6820049ADAD /* finalproject.app */;
			productType = "com.apple.product-type.application";
		};
		91E9FC9B2AE8C6840049ADAD /* finalprojectTests */ = {
			isa = PBXNativeTarget;
			buildConfigurationList = 91E9FCB32AE8C6840049ADAD /* Build configuration list for PBXNativeTarget "finalprojectTests" */;
			buildPhases = (
				91E9FC982AE8C6840049ADAD /* Sources */,
				91E9FC992AE8C6840049ADAD /* Frameworks */,
				91E9FC9A2AE8C6840049ADAD /* Resources */,
			);
			buildRules = (
			);
			dependencies = (
				91E9FC9E2AE8C6840049ADAD /* PBXTargetDependency */,
			);
			name = finalprojectTests;
			productName = finalprojectTests;
			productReference = 91E9FC9C2AE8C6840049ADAD /* finalprojectTests.xctest */;
			productType = "com.apple.product-type.bundle.unit-test";
		};
		91E9FCA52AE8C6840049ADAD /* finalprojectUITests */ = {
			isa = PBXNativeTarget;
			buildConfigurationList = 91E9FCB62AE8C6840049ADAD /* Build configuration list for PBXNativeTarget "finalprojectUITests" */;
			buildPhases = (
				91E9FCA22AE8C6840049ADAD /* Sources */,
				91E9FCA32AE8C6840049ADAD /* Frameworks */,
				91E9FCA42AE8C6840049ADAD /* Resources */,
			);
			buildRules = (
			);
			dependencies = (
				91E9FCA82AE8C6840049ADAD /* PBXTargetDependency */,
			);
			name = finalprojectUITests;
			productName = finalprojectUITests;
			productReference = 91E9FCA62AE8C6840049ADAD /* finalprojectUITests.xctest */;
			productType = "com.apple.product-type.bundle.ui-testing";
		};
/* End PBXNativeTarget section */

/* Begin PBXProject section */
		91E9FC842AE8C6820049ADAD /* Project object */ = {
			isa = PBXProject;
			attributes = {
				BuildIndependentTargetsInParallel = 1;
				LastSwiftUpdateCheck = 1500;
				LastUpgradeCheck = 1500;
				TargetAttributes = {
					91E9FC8B2AE8C6820049ADAD = {
						CreatedOnToolsVersion = 15.0.1;
					};
					91E9FC9B2AE8C6840049ADAD = {
						CreatedOnToolsVersion = 15.0.1;
						TestTargetID = 91E9FC8B2AE8C6820049ADAD;
					};
					91E9FCA52AE8C6840049ADAD = {
						CreatedOnToolsVersion = 15.0.1;
						TestTargetID = 91E9FC8B2AE8C6820049ADAD;
					};
				};
			};
			buildConfigurationList = 91E9FC872AE8C6820049ADAD /* Build configuration list for PBXProject "finalproject" */;
			compatibilityVersion = "Xcode 14.0";
			developmentRegion = en;
			hasScannedForEncodings = 0;
			knownRegions = (
				en,
				Base,
			);
			mainGroup = 91E9FC832AE8C6820049ADAD;
			productRefGroup = 91E9FC8D2AE8C6820049ADAD /* Products */;
			projectDirPath = "";
			projectRoot = "";
			targets = (
				91E9FC8B2AE8C6820049ADAD /* finalproject */,
				91E9FC9B2AE8C6840049ADAD /* finalprojectTests */,
				91E9FCA52AE8C6840049ADAD /* finalprojectUITests */,
			);
		};
/* End PBXProject section */

/* Begin PBXResourcesBuildPhase section */
		91E9FC8A2AE8C6820049ADAD /* Resources */ = {
			isa = PBXResourcesBuildPhase;
			buildActionMask = 2147483647;
			files = (
				91E9FD202B0EFBDB00170FE3 /* MacSans-Regular.otf in Resources */,
				91E9FC972AE8C6840049ADAD /* Preview Assets.xcassets in Resources */,
				91E9FC942AE8C6840049ADAD /* Assets.xcassets in Resources */,
			);
			runOnlyForDeploymentPostprocessing = 0;
		};
		91E9FC9A2AE8C6840049ADAD /* Resources */ = {
			isa = PBXResourcesBuildPhase;
			buildActionMask = 2147483647;
			files = (
			);
			runOnlyForDeploymentPostprocessing = 0;
		};
		91E9FCA42AE8C6840049ADAD /* Resources */ = {
			isa = PBXResourcesBuildPhase;
			buildActionMask = 2147483647;
			files = (
			);
			runOnlyForDeploymentPostprocessing = 0;
		};
/* End PBXResourcesBuildPhase section */

/* Begin PBXSourcesBuildPhase section */
		91E9FC882AE8C6820049ADAD /* Sources */ = {
			isa = PBXSourcesBuildPhase;
			buildActionMask = 2147483647;
			files = (
				91FA7C922AFF2E3800A27C55 /* TimerModel.swift in Sources */,
				91FA7C902AFE2C9800A27C55 /* CustomBackView.swift in Sources */,
				91E9FCBB2AEAE8380049ADAD /* TimerView.swift in Sources */,
				91E9FC922AE8C6820049ADAD /* HomeView.swift in Sources */,
				91E9FCC62AEAFB1F0049ADAD /* ProgressView.swift in Sources */,
				91E9FCC82AEAFB7F0049ADAD /* SettingsView.swift in Sources */,
				91E9FCC42AEAF80B0049ADAD /* TaskView.swift in Sources */,
				91E9FCD22AF085900049ADAD /* TaskViewModel.swift in Sources */,
				91842B9F2AFAD1600065ABE8 /* EachTaskView.swift in Sources */,
				91E9FC902AE8C6820049ADAD /* finalprojectApp.swift in Sources */,
				91E9FCCE2AF076F20049ADAD /* TaskModel.swift in Sources */,
			);
			runOnlyForDeploymentPostprocessing = 0;
		};
		91E9FC982AE8C6840049ADAD /* Sources */ = {
			isa = PBXSourcesBuildPhase;
			buildActionMask = 2147483647;
			files = (
				91E9FCA12AE8C6840049ADAD /* finalprojectTests.swift in Sources */,
			);
			runOnlyForDeploymentPostprocessing = 0;
		};
		91E9FCA22AE8C6840049ADAD /* Sources */ = {
			isa = PBXSourcesBuildPhase;
			buildActionMask = 2147483647;
			files = (
				91E9FCAB2AE8C6840049ADAD /* finalprojectUITests.swift in Sources */,
				91E9FCAD2AE8C6840049ADAD /* finalprojectUITestsLaunchTests.swift in Sources */,
			);
			runOnlyForDeploymentPostprocessing = 0;
		};
/* End PBXSourcesBuildPhase section */

/* Begin PBXTargetDependency section */
		91E9FC9E2AE8C6840049ADAD /* PBXTargetDependency */ = {
			isa = PBXTargetDependency;
			target = 91E9FC8B2AE8C6820049ADAD /* finalproject */;
			targetProxy = 91E9FC9D2AE8C6840049ADAD /* PBXContainerItemProxy */;
		};
		91E9FCA82AE8C6840049ADAD /* PBXTargetDependency */ = {
			isa = PBXTargetDependency;
			target = 91E9FC8B2AE8C6820049ADAD /* finalproject */;
			targetProxy = 91E9FCA72AE8C6840049ADAD /* PBXContainerItemProxy */;
		};
/* End PBXTargetDependency section */

/* Begin XCBuildConfiguration section */
		91E9FCAE2AE8C6840049ADAD /* Debug */ = {
			isa = XCBuildConfiguration;
			buildSettings = {
				ALWAYS_SEARCH_USER_PATHS = NO;
				ASSETCATALOG_COMPILER_GENERATE_SWIFT_ASSET_SYMBOL_EXTENSIONS = YES;
				CLANG_ANALYZER_NONNULL = YES;
				CLANG_ANALYZER_NUMBER_OBJECT_CONVERSION = YES_AGGRESSIVE;
				CLANG_CXX_LANGUAGE_STANDARD = "gnu++20";
				CLANG_ENABLE_MODULES = YES;
				CLANG_ENABLE_OBJC_ARC = YES;
				CLANG_ENABLE_OBJC_WEAK = YES;
				CLANG_WARN_BLOCK_CAPTURE_AUTORELEASING = YES;
				CLANG_WARN_BOOL_CONVERSION = YES;
				CLANG_WARN_COMMA = YES;
				CLANG_WARN_CONSTANT_CONVERSION = YES;
				CLANG_WARN_DEPRECATED_OBJC_IMPLEMENTATIONS = YES;
				CLANG_WARN_DIRECT_OBJC_ISA_USAGE = YES_ERROR;
				CLANG_WARN_DOCUMENTATION_COMMENTS = YES;
				CLANG_WARN_EMPTY_BODY = YES;
				CLANG_WARN_ENUM_CONVERSION = YES;
				CLANG_WARN_INFINITE_RECURSION = YES;
				CLANG_WARN_INT_CONVERSION = YES;
				CLANG_WARN_NON_LITERAL_NULL_CONVERSION = YES;
				CLANG_WARN_OBJC_IMPLICIT_RETAIN_SELF = YES;
				CLANG_WARN_OBJC_LITERAL_CONVERSION = YES;
				CLANG_WARN_OBJC_ROOT_CLASS = YES_ERROR;
				CLANG_WARN_QUOTED_INCLUDE_IN_FRAMEWORK_HEADER = YES;
				CLANG_WARN_RANGE_LOOP_ANALYSIS = YES;
				CLANG_WARN_STRICT_PROTOTYPES = YES;
				CLANG_WARN_SUSPICIOUS_MOVE = YES;
				CLANG_WARN_UNGUARDED_AVAILABILITY = YES_AGGRESSIVE;
				CLANG_WARN_UNREACHABLE_CODE = YES;
				CLANG_WARN__DUPLICATE_METHOD_MATCH = YES;
				COPY_PHASE_STRIP = NO;
				DEBUG_INFORMATION_FORMAT = dwarf;
				ENABLE_STRICT_OBJC_MSGSEND = YES;
				ENABLE_TESTABILITY = YES;
				ENABLE_USER_SCRIPT_SANDBOXING = YES;
				GCC_C_LANGUAGE_STANDARD = gnu17;
				GCC_DYNAMIC_NO_PIC = NO;
				GCC_NO_COMMON_BLOCKS = YES;
				GCC_OPTIMIZATION_LEVEL = 0;
				GCC_PREPROCESSOR_DEFINITIONS = (
					"DEBUG=1",
					"$(inherited)",
				);
				GCC_WARN_64_TO_32_BIT_CONVERSION = YES;
				GCC_WARN_ABOUT_RETURN_TYPE = YES_ERROR;
				GCC_WARN_UNDECLARED_SELECTOR = YES;
				GCC_WARN_UNINITIALIZED_AUTOS = YES_AGGRESSIVE;
				GCC_WARN_UNUSED_FUNCTION = YES;
				GCC_WARN_UNUSED_VARIABLE = YES;
				IPHONEOS_DEPLOYMENT_TARGET = 17.0;
				LOCALIZATION_PREFERS_STRING_CATALOGS = YES;
				MTL_ENABLE_DEBUG_INFO = INCLUDE_SOURCE;
				MTL_FAST_MATH = YES;
				ONLY_ACTIVE_ARCH = YES;
				SDKROOT = iphoneos;
				SWIFT_ACTIVE_COMPILATION_CONDITIONS = "DEBUG $(inherited)";
				SWIFT_OPTIMIZATION_LEVEL = "-Onone";
			};
			name = Debug;
		};
		91E9FCAF2AE8C6840049ADAD /* Release */ = {
			isa = XCBuildConfiguration;
			buildSettings = {
				ALWAYS_SEARCH_USER_PATHS = NO;
				ASSETCATALOG_COMPILER_GENERATE_SWIFT_ASSET_SYMBOL_EXTENSIONS = YES;
				CLANG_ANALYZER_NONNULL = YES;
				CLANG_ANALYZER_NUMBER_OBJECT_CONVERSION = YES_AGGRESSIVE;
				CLANG_CXX_LANGUAGE_STANDARD = "gnu++20";
				CLANG_ENABLE_MODULES = YES;
				CLANG_ENABLE_OBJC_ARC = YES;
				CLANG_ENABLE_OBJC_WEAK = YES;
				CLANG_WARN_BLOCK_CAPTURE_AUTORELEASING = YES;
				CLANG_WARN_BOOL_CONVERSION = YES;
				CLANG_WARN_COMMA = YES;
				CLANG_WARN_CONSTANT_CONVERSION = YES;
				CLANG_WARN_DEPRECATED_OBJC_IMPLEMENTATIONS = YES;
				CLANG_WARN_DIRECT_OBJC_ISA_USAGE = YES_ERROR;
				CLANG_WARN_DOCUMENTATION_COMMENTS = YES;
				CLANG_WARN_EMPTY_BODY = YES;
				CLANG_WARN_ENUM_CONVERSION = YES;
				CLANG_WARN_INFINITE_RECURSION = YES;
				CLANG_WARN_INT_CONVERSION = YES;
				CLANG_WARN_NON_LITERAL_NULL_CONVERSION = YES;
				CLANG_WARN_OBJC_IMPLICIT_RETAIN_SELF = YES;
				CLANG_WARN_OBJC_LITERAL_CONVERSION = YES;
				CLANG_WARN_OBJC_ROOT_CLASS = YES_ERROR;
				CLANG_WARN_QUOTED_INCLUDE_IN_FRAMEWORK_HEADER = YES;
				CLANG_WARN_RANGE_LOOP_ANALYSIS = YES;
				CLANG_WARN_STRICT_PROTOTYPES = YES;
				CLANG_WARN_SUSPICIOUS_MOVE = YES;
				CLANG_WARN_UNGUARDED_AVAILABILITY = YES_AGGRESSIVE;
				CLANG_WARN_UNREACHABLE_CODE = YES;
				CLANG_WARN__DUPLICATE_METHOD_MATCH = YES;
				COPY_PHASE_STRIP = NO;
				DEBUG_INFORMATION_FORMAT = "dwarf-with-dsym";
				ENABLE_NS_ASSERTIONS = NO;
				ENABLE_STRICT_OBJC_MSGSEND = YES;
				ENABLE_USER_SCRIPT_SANDBOXING = YES;
				GCC_C_LANGUAGE_STANDARD = gnu17;
				GCC_NO_COMMON_BLOCKS = YES;
				GCC_WARN_64_TO_32_BIT_CONVERSION = YES;
				GCC_WARN_ABOUT_RETURN_TYPE = YES_ERROR;
				GCC_WARN_UNDECLARED_SELECTOR = YES;
				GCC_WARN_UNINITIALIZED_AUTOS = YES_AGGRESSIVE;
				GCC_WARN_UNUSED_FUNCTION = YES;
				GCC_WARN_UNUSED_VARIABLE = YES;
				IPHONEOS_DEPLOYMENT_TARGET = 17.0;
				LOCALIZATION_PREFERS_STRING_CATALOGS = YES;
				MTL_ENABLE_DEBUG_INFO = NO;
				MTL_FAST_MATH = YES;
				SDKROOT = iphoneos;
				SWIFT_COMPILATION_MODE = wholemodule;
				VALIDATE_PRODUCT = YES;
			};
			name = Release;
		};
		91E9FCB12AE8C6840049ADAD /* Debug */ = {
			isa = XCBuildConfiguration;
			buildSettings = {
				ASSETCATALOG_COMPILER_APPICON_NAME = AppIcon;
				ASSETCATALOG_COMPILER_GLOBAL_ACCENT_COLOR_NAME = AccentColor;
				CODE_SIGN_STYLE = Automatic;
				CURRENT_PROJECT_VERSION = 1;
				DEVELOPMENT_ASSET_PATHS = "\"finalproject/Preview Content\"";
				DEVELOPMENT_TEAM = 4M3MH66LUS;
				ENABLE_PREVIEWS = YES;
				GENERATE_INFOPLIST_FILE = YES;
				INFOPLIST_KEY_UIApplicationSceneManifest_Generation = YES;
				INFOPLIST_KEY_UIApplicationSupportsIndirectInputEvents = YES;
				INFOPLIST_KEY_UILaunchScreen_Generation = YES;
				INFOPLIST_KEY_UISupportedInterfaceOrientations_iPad = "UIInterfaceOrientationPortrait UIInterfaceOrientationPortraitUpsideDown UIInterfaceOrientationLandscapeLeft UIInterfaceOrientationLandscapeRight";
				INFOPLIST_KEY_UISupportedInterfaceOrientations_iPhone = "UIInterfaceOrientationPortrait UIInterfaceOrientationLandscapeLeft UIInterfaceOrientationLandscapeRight";
				LD_RUNPATH_SEARCH_PATHS = (
					"$(inherited)",
					"@executable_path/Frameworks",
				);
				MARKETING_VERSION = 1.0;
				PRODUCT_BUNDLE_IDENTIFIER = cuboulder.finalproject;
				PRODUCT_NAME = "$(TARGET_NAME)";
				SWIFT_EMIT_LOC_STRINGS = YES;
				SWIFT_VERSION = 5.0;
				TARGETED_DEVICE_FAMILY = "1,2";
			};
			name = Debug;
		};
		91E9FCB22AE8C6840049ADAD /* Release */ = {
			isa = XCBuildConfiguration;
			buildSettings = {
				ASSETCATALOG_COMPILER_APPICON_NAME = AppIcon;
				ASSETCATALOG_COMPILER_GLOBAL_ACCENT_COLOR_NAME = AccentColor;
				CODE_SIGN_STYLE = Automatic;
				CURRENT_PROJECT_VERSION = 1;
				DEVELOPMENT_ASSET_PATHS = "\"finalproject/Preview Content\"";
				DEVELOPMENT_TEAM = 4M3MH66LUS;
				ENABLE_PREVIEWS = YES;
				GENERATE_INFOPLIST_FILE = YES;
				INFOPLIST_KEY_UIApplicationSceneManifest_Generation = YES;
				INFOPLIST_KEY_UIApplicationSupportsIndirectInputEvents = YES;
				INFOPLIST_KEY_UILaunchScreen_Generation = YES;
				INFOPLIST_KEY_UISupportedInterfaceOrientations_iPad = "UIInterfaceOrientationPortrait UIInterfaceOrientationPortraitUpsideDown UIInterfaceOrientationLandscapeLeft UIInterfaceOrientationLandscapeRight";
				INFOPLIST_KEY_UISupportedInterfaceOrientations_iPhone = "UIInterfaceOrientationPortrait UIInterfaceOrientationLandscapeLeft UIInterfaceOrientationLandscapeRight";
				LD_RUNPATH_SEARCH_PATHS = (
					"$(inherited)",
					"@executable_path/Frameworks",
				);
				MARKETING_VERSION = 1.0;
				PRODUCT_BUNDLE_IDENTIFIER = cuboulder.finalproject;
				PRODUCT_NAME = "$(TARGET_NAME)";
				SWIFT_EMIT_LOC_STRINGS = YES;
				SWIFT_VERSION = 5.0;
				TARGETED_DEVICE_FAMILY = "1,2";
			};
			name = Release;
		};
		91E9FCB42AE8C6840049ADAD /* Debug */ = {
			isa = XCBuildConfiguration;
			buildSettings = {
				ALWAYS_EMBED_SWIFT_STANDARD_LIBRARIES = YES;
				BUNDLE_LOADER = "$(TEST_HOST)";
				CODE_SIGN_STYLE = Automatic;
				CURRENT_PROJECT_VERSION = 1;
				DEVELOPMENT_TEAM = 4M3MH66LUS;
				GENERATE_INFOPLIST_FILE = YES;
				IPHONEOS_DEPLOYMENT_TARGET = 17.0;
				MARKETING_VERSION = 1.0;
				PRODUCT_BUNDLE_IDENTIFIER = cuboulder.finalprojectTests;
				PRODUCT_NAME = "$(TARGET_NAME)";
				SWIFT_EMIT_LOC_STRINGS = NO;
				SWIFT_VERSION = 5.0;
				TARGETED_DEVICE_FAMILY = "1,2";
				TEST_HOST = "$(BUILT_PRODUCTS_DIR)/finalproject.app/$(BUNDLE_EXECUTABLE_FOLDER_PATH)/finalproject";
			};
			name = Debug;
		};
		91E9FCB52AE8C6840049ADAD /* Release */ = {
			isa = XCBuildConfiguration;
			buildSettings = {
				ALWAYS_EMBED_SWIFT_STANDARD_LIBRARIES = YES;
				BUNDLE_LOADER = "$(TEST_HOST)";
				CODE_SIGN_STYLE = Automatic;
				CURRENT_PROJECT_VERSION = 1;
				DEVELOPMENT_TEAM = 4M3MH66LUS;
				GENERATE_INFOPLIST_FILE = YES;
				IPHONEOS_DEPLOYMENT_TARGET = 17.0;
				MARKETING_VERSION = 1.0;
				PRODUCT_BUNDLE_IDENTIFIER = cuboulder.finalprojectTests;
				PRODUCT_NAME = "$(TARGET_NAME)";
				SWIFT_EMIT_LOC_STRINGS = NO;
				SWIFT_VERSION = 5.0;
				TARGETED_DEVICE_FAMILY = "1,2";
				TEST_HOST = "$(BUILT_PRODUCTS_DIR)/finalproject.app/$(BUNDLE_EXECUTABLE_FOLDER_PATH)/finalproject";
			};
			name = Release;
		};
		91E9FCB72AE8C6840049ADAD /* Debug */ = {
			isa = XCBuildConfiguration;
			buildSettings = {
				ALWAYS_EMBED_SWIFT_STANDARD_LIBRARIES = YES;
				CODE_SIGN_STYLE = Automatic;
				CURRENT_PROJECT_VERSION = 1;
				DEVELOPMENT_TEAM = 4M3MH66LUS;
				GENERATE_INFOPLIST_FILE = YES;
				MARKETING_VERSION = 1.0;
				PRODUCT_BUNDLE_IDENTIFIER = cuboulder.finalprojectUITests;
				PRODUCT_NAME = "$(TARGET_NAME)";
				SWIFT_EMIT_LOC_STRINGS = NO;
				SWIFT_VERSION = 5.0;
				TARGETED_DEVICE_FAMILY = "1,2";
				TEST_TARGET_NAME = finalproject;
			};
			name = Debug;
		};
		91E9FCB82AE8C6840049ADAD /* Release */ = {
			isa = XCBuildConfiguration;
			buildSettings = {
				ALWAYS_EMBED_SWIFT_STANDARD_LIBRARIES = YES;
				CODE_SIGN_STYLE = Automatic;
				CURRENT_PROJECT_VERSION = 1;
				DEVELOPMENT_TEAM = 4M3MH66LUS;
				GENERATE_INFOPLIST_FILE = YES;
				MARKETING_VERSION = 1.0;
				PRODUCT_BUNDLE_IDENTIFIER = cuboulder.finalprojectUITests;
				PRODUCT_NAME = "$(TARGET_NAME)";
				SWIFT_EMIT_LOC_STRINGS = NO;
				SWIFT_VERSION = 5.0;
				TARGETED_DEVICE_FAMILY = "1,2";
				TEST_TARGET_NAME = finalproject;
			};
			name = Release;
		};
/* End XCBuildConfiguration section */

/* Begin XCConfigurationList section */
		91E9FC872AE8C6820049ADAD /* Build configuration list for PBXProject "finalproject" */ = {
			isa = XCConfigurationList;
			buildConfigurations = (
				91E9FCAE2AE8C6840049ADAD /* Debug */,
				91E9FCAF2AE8C6840049ADAD /* Release */,
			);
			defaultConfigurationIsVisible = 0;
			defaultConfigurationName = Release;
		};
		91E9FCB02AE8C6840049ADAD /* Build configuration list for PBXNativeTarget "finalproject" */ = {
			isa = XCConfigurationList;
			buildConfigurations = (
				91E9FCB12AE8C6840049ADAD /* Debug */,
				91E9FCB22AE8C6840049ADAD /* Release */,
			);
			defaultConfigurationIsVisible = 0;
			defaultConfigurationName = Release;
		};
		91E9FCB32AE8C6840049ADAD /* Build configuration list for PBXNativeTarget "finalprojectTests" */ = {
			isa = XCConfigurationList;
			buildConfigurations = (
				91E9FCB42AE8C6840049ADAD /* Debug */,
				91E9FCB52AE8C6840049ADAD /* Release */,
			);
			defaultConfigurationIsVisible = 0;
			defaultConfigurationName = Release;
		};
		91E9FCB62AE8C6840049ADAD /* Build configuration list for PBXNativeTarget "finalprojectUITests" */ = {
			isa = XCConfigurationList;
			buildConfigurations = (
				91E9FCB72AE8C6840049ADAD /* Debug */,
				91E9FCB82AE8C6840049ADAD /* Release */,
			);
			defaultConfigurationIsVisible = 0;
			defaultConfigurationName = Release;
		};
/* End XCConfigurationList section */
	};
	rootObject = 91E9FC842AE8C6820049ADAD /* Project object */;
}
